PODS:
  - Flutter (1.0.0)
  - klump_checkout (0.0.1):
    - Flutter
  - "webview_pro_wkwebview (2.7.1+1)":
    - Flutter

DEPENDENCIES:
  - Flutter (from `Flutter`)
  - klump_checkout (from `.symlinks/plugins/klump_checkout/ios`)
  - webview_pro_wkwebview (from `.symlinks/plugins/webview_pro_wkwebview/ios`)

EXTERNAL SOURCES:
  Flutter:
    :path: Flutter
  klump_checkout:
    :path: ".symlinks/plugins/klump_checkout/ios"
  webview_pro_wkwebview:
    :path: ".symlinks/plugins/webview_pro_wkwebview/ios"

SPEC CHECKSUMS:
  Flutter: 50d75fe2f02b26cc09d224853bb45737f8b3214a
  klump_checkout: 06c49320d3294d719ad2261a55d9afd69ca33979
  webview_pro_wkwebview: 38019db9fcfb544f91e1b0e46b11af71a42b6d2c

PODFILE CHECKSUM: aafe91acc616949ddb318b77800a7f51bffa2a4c

COCOAPODS: 1.11.3
